
Microsoft Visual Studio Solution File, Format Version 11.00
# Visual Studio 2010
Project("{FAE04EC0-301F-11D3-BF4B-00C04F79EFBC}") = "s3pi ObjectCloner", "s3pi ObjectCloner.csproj", "{93EF2A6F-D8CF-412A-BE62-49032D2B3B96}"
EndProject
Global
	GlobalSection(SolutionConfigurationPlatforms) = preSolution
		Debug|Any CPU = Debug|Any CPU
		Release|Any CPU = Release|Any CPU
	EndGlobalSection
	GlobalSection(ProjectConfigurationPlatforms) = postSolution
		{93EF2A6F-D8CF-412A-BE62-49032D2B3B96}.Debug|Any CPU.ActiveCfg = Debug|Any CPU
		{93EF2A6F-D8CF-412A-BE62-49032D2B3B96}.Debug|Any CPU.Build.0 = Debug|Any CPU
		{93EF2A6F-D8CF-412A-BE62-49032D2B3B96}.Release|Any CPU.ActiveCfg = Release|Any CPU
		{93EF2A6F-D8CF-412A-BE62-49032D2B3B96}.Release|Any CPU.Build.0 = Release|Any CPU
	EndGlobalSection
	GlobalSection(SolutionProperties) = preSolution
		HideSolutionNode = FALSE
	EndGlobalSection
EndGlobal
